
Microsoft Visual Studio Solution File, Format Version 12.00
# Visual Studio 15
VisualStudioVersion = 15.0.28307.489
MinimumVisualStudioVersion = 10.0.40219.1
Project("{FAE04EC0-301F-11D3-BF4B-00C04F79EFBC}") = "Presentation Generator", "Presentation Generator\Presentation Generator.csproj", "{7307018A-6C95-4E58-A1EE-61F63FE6A32B}"
EndProject
Global
	GlobalSection(SolutionConfigurationPlatforms) = preSolution
		Debug|Any CPU = Debug|Any CPU
		Release|Any CPU = Release|Any CPU
	EndGlobalSection
	GlobalSection(ProjectConfigurationPlatforms) = postSolution
		{7307018A-6C95-4E58-A1EE-61F63FE6A32B}.Debug|Any CPU.ActiveCfg = Debug|Any CPU
		{7307018A-6C95-4E58-A1EE-61F63FE6A32B}.Debug|Any CPU.Build.0 = Debug|Any CPU
		{7307018A-6C95-4E58-A1EE-61F63FE6A32B}.Release|Any CPU.ActiveCfg = Release|Any CPU
		{7307018A-6C95-4E58-A1EE-61F63FE6A32B}.Release|Any CPU.Build.0 = Release|Any CPU
	EndGlobalSection
	GlobalSection(SolutionProperties) = preSolution
		HideSolutionNode = FALSE
	EndGlobalSection
	GlobalSection(ExtensibilityGlobals) = postSolution
		SolutionGuid = {5DF4E047-B404-485E-9102-D5980A5BD9E2}
	EndGlobalSection
EndGlobal
